
Microsoft Visual Studio Solution File, Format Version 12.00
# Visual Studio 15
VisualStudioVersion = 15.0.28307.1831
MinimumVisualStudioVersion = 10.0.40219.1
Project("{FAE04EC0-301F-11D3-BF4B-00C04F79EFBC}") = "Library Management System", "Library Management System\Library Management System.csproj", "{53E6DB12-5092-4D85-9C4D-5D6E962F52C3}"
EndProject
Global
	GlobalSection(SolutionConfigurationPlatforms) = preSolution
		Debug|Any CPU = Debug|Any CPU
		Release|Any CPU = Release|Any CPU
	EndGlobalSection
	GlobalSection(ProjectConfigurationPlatforms) = postSolution
		{53E6DB12-5092-4D85-9C4D-5D6E962F52C3}.Debug|Any CPU.ActiveCfg = Debug|Any CPU
		{53E6DB12-5092-4D85-9C4D-5D6E962F52C3}.Debug|Any CPU.Build.0 = Debug|Any CPU
		{53E6DB12-5092-4D85-9C4D-5D6E962F52C3}.Release|Any CPU.ActiveCfg = Release|Any CPU
		{53E6DB12-5092-4D85-9C4D-5D6E962F52C3}.Release|Any CPU.Build.0 = Release|Any CPU
	EndGlobalSection
	GlobalSection(SolutionProperties) = preSolution
		HideSolutionNode = FALSE
	EndGlobalSection
	GlobalSection(ExtensibilityGlobals) = postSolution
		SolutionGuid = {F6A9A626-6BAC-4C09-9BF8-11DE9BAAD1FF}
	EndGlobalSection
EndGlobal
